
Microsoft Visual Studio Solution File, Format Version 12.00
# Visual Studio Version 16
VisualStudioVersion = 16.0.30523.141
MinimumVisualStudioVersion = 10.0.40219.1
Project("{FAE04EC0-301F-11D3-BF4B-00C04F79EFBC}") = "Courses", "Courses\Courses.csproj", "{564FE1FD-AE0B-4326-93B7-4BC8622AAEAA}"
EndProject
Global
	GlobalSection(SolutionConfigurationPlatforms) = preSolution
		Debug|Any CPU = Debug|Any CPU
		Release|Any CPU = Release|Any CPU
	EndGlobalSection
	GlobalSection(ProjectConfigurationPlatforms) = postSolution
		{564FE1FD-AE0B-4326-93B7-4BC8622AAEAA}.Debug|Any CPU.ActiveCfg = Debug|Any CPU
		{564FE1FD-AE0B-4326-93B7-4BC8622AAEAA}.Debug|Any CPU.Build.0 = Debug|Any CPU
		{564FE1FD-AE0B-4326-93B7-4BC8622AAEAA}.Release|Any CPU.ActiveCfg = Release|Any CPU
		{564FE1FD-AE0B-4326-93B7-4BC8622AAEAA}.Release|Any CPU.Build.0 = Release|Any CPU
	EndGlobalSection
	GlobalSection(SolutionProperties) = preSolution
		HideSolutionNode = FALSE
	EndGlobalSection
	GlobalSection(ExtensibilityGlobals) = postSolution
		SolutionGuid = {A4704CA7-FEE6-4ECF-9073-87FF66D2EB75}
	EndGlobalSection
EndGlobal
